
Microsoft Visual Studio Solution File, Format Version 12.00
# Visual Studio 15
VisualStudioVersion = 15.0.27004.2002
MinimumVisualStudioVersion = 10.0.40219.1
Project("{FAE04EC0-301F-11D3-BF4B-00C04F79EFBC}") = "TiedonTallennus", "TiedonTallennus\TiedonTallennus.csproj", "{596D8C0B-3B9D-4884-A3C3-5C2673B818F1}"
EndProject
Global
	GlobalSection(SolutionConfigurationPlatforms) = preSolution
		Debug|Any CPU = Debug|Any CPU
		Release|Any CPU = Release|Any CPU
	EndGlobalSection
	GlobalSection(ProjectConfigurationPlatforms) = postSolution
		{596D8C0B-3B9D-4884-A3C3-5C2673B818F1}.Debug|Any CPU.ActiveCfg = Debug|Any CPU
		{596D8C0B-3B9D-4884-A3C3-5C2673B818F1}.Debug|Any CPU.Build.0 = Debug|Any CPU
		{596D8C0B-3B9D-4884-A3C3-5C2673B818F1}.Release|Any CPU.ActiveCfg = Release|Any CPU
		{596D8C0B-3B9D-4884-A3C3-5C2673B818F1}.Release|Any CPU.Build.0 = Release|Any CPU
	EndGlobalSection
	GlobalSection(SolutionProperties) = preSolution
		HideSolutionNode = FALSE
	EndGlobalSection
	GlobalSection(ExtensibilityGlobals) = postSolution
		SolutionGuid = {5CF5567B-BFB1-407E-A588-6C3CA578E679}
	EndGlobalSection
EndGlobal
